{
  "version": 4,
  "terraform_version": "1.7.5",
  "serial": 4,
  "lineage": "f6f4e4b8-ab36-4cad-0cf8-cf36f289141d",
  "outputs": {},
  "resources": [
    {
      "mode": "managed",
      "type": "local_sensitive_file",
      "name": "file",
      "provider": "provider[\"registry.terraform.io/hashicorp/local\"]",
      "instances": [
        {
          "schema_version": 0,
          "attributes": {
            "content": "This is a local file.",
            "content_base64": null,
            "content_base64sha256": "29ts/1riYSCYH8VnVRdG4HGeI36WJbRdXJUKrJRlH0g=",
            "content_base64sha512": "iEA6Sfr6yz/jJGlh6s1DgWTqM3zK52QdtntE3J5v/arxAauCm3xgB68djTsFSKT5fCGF1b3jWjoClZb/+0QEbA==",
            "content_md5": "3a33734882cdad6b1c1ac9e8728dc54b",
            "content_sha1": "1714ee68589575781535bf9ced70366453006c37",
            "content_sha256": "dbdb6cff5ae26120981fc567551746e0719e237e9625b45d5c950aac94651f48",
            "content_sha512": "88403a49fafacb3fe3246961eacd438164ea337ccae7641db67b44dc9e6ffdaaf101ab829b7c6007af1d8d3b0548a4f97c2185d5bde35a3a029596fffb44046c",
            "directory_permission": "0700",
            "file_permission": "0700",
            "filename": "locadoc.txt",
            "id": "1714ee68589575781535bf9ced70366453006c37",
            "source": null
          },
          "sensitive_attributes": []
        }
      ]
    }
  ],
  "check_results": null
}
